// !$*UTF8*$!
{
	archiveVersion = 1;
	classes = {
	};
	objectVersion = 50;
	objects = {

/* Begin PBXBuildFile section */
		34795B212BCD444E00ED9B31 /* AnotherGitHubExampleApp.swift in Sources */ = {isa = PBXBuildFile; fileRef = 34795B202BCD444E00ED9B31 /* AnotherGitHubExampleApp.swift */; };
		34795B232BCD444E00ED9B31 /* ContentView.swift in Sources */ = {isa = PBXBuildFile; fileRef = 34795B222BCD444E00ED9B31 /* ContentView.swift */; };
		34795B252BCD445000ED9B31 /* Assets.xcassets in Resources */ = {isa = PBXBuildFile; fileRef = 34795B242BCD445000ED9B31 /* Assets.xcassets */; };
		34795B282BCD445000ED9B31 /* Preview Assets.xcassets in Resources */ = {isa = PBXBuildFile; fileRef = 34795B272BCD445000ED9B31 /* Preview Assets.xcassets */; };
/* End PBXBuildFile section */

/* Begin PBXFileReference section */
		34795B1D2BCD444E00ED9B31 /* AnotherGitHubExample.app */ = {isa = PBXFileReference; explicitFileType = wrapper.application; includeInIndex = 0; path = AnotherGitHubExample.app; sourceTree = BUILT_PRODUCTS_DIR; };
		34795B202BCD444E00ED9B31 /* AnotherGitHubExampleApp.swift */ = {isa = PBXFileReference; lastKnownFileType = sourcecode.swift; path = AnotherGitHubExampleApp.swift; sourceTree = "<group>"; };
		34795B222BCD444E00ED9B31 /* ContentView.swift */ = {isa = PBXFileReference; lastKnownFileType = sourcecode.swift; path = ContentView.swift; sourceTree = "<group>"; };
		34795B242BCD445000ED9B31 /* Assets.xcassets */ = {isa = PBXFileReference; lastKnownFileType = folder.assetcatalog; path = Assets.xcassets; sourceTree = "<group>"; };
		34795B272BCD445000ED9B31 /* Preview Assets.xcassets */ = {isa = PBXFileReference; lastKnownFileType = folder.assetcatalog; path = "Preview Assets.xcassets"; sourceTree = "<group>"; };
		34795B292BCD445000ED9B31 /* Info.plist */ = {isa = PBXFileReference; lastKnownFileType = text.plist.xml; path = Info.plist; sourceTree = "<group>"; };
/* End PBXFileReference section */

/* Begin PBXFrameworksBuildPhase section */
		34795B1A2BCD444E00ED9B31 /* Frameworks */ = {
			isa = PBXFrameworksBuildPhase;
			buildActionMask = 2147483647;
			files = (
			);
			runOnlyForDeploymentPostprocessing = 0;
		};
/* End PBXFrameworksBuildPhase section */

/* Begin PBXGroup section */
		34795B142BCD444E00ED9B31 = {
			isa = PBXGroup;
			children = (
				34795B1F2BCD444E00ED9B31 /* AnotherGitHubExample */,
				34795B1E2BCD444E00ED9B31 /* Products */,
			);
			sourceTree = "<group>";
		};
		34795B1E2BCD444E00ED9B31 /* Products */ = {
			isa = PBXGroup;
			children = (
				34795B1D2BCD444E00ED9B31 /* AnotherGitHubExample.app */,
			);
			name = Products;
			sourceTree = "<group>";
		};
		34795B1F2BCD444E00ED9B31 /* AnotherGitHubExample */ = {
			isa = PBXGroup;
			children = (
				34795B202BCD444E00ED9B31 /* AnotherGitHubExampleApp.swift */,
				34795B222BCD444E00ED9B31 /* ContentView.swift */,
				34795B242BCD445000ED9B31 /* Assets.xcassets */,
				34795B292BCD445000ED9B31 /* Info.plist */,
				34795B262BCD445000ED9B31 /* Preview Content */,
			);
			path = AnotherGitHubExample;
			sourceTree = "<group>";
		};
		34795B262BCD445000ED9B31 /* Preview Content */ = {
			isa = PBXGroup;
			children = (
				34795B272BCD445000ED9B31 /* Preview Assets.xcassets */,
			);
			path = "Preview Content";
			sourceTree = "<group>";
		};
/* End PBXGroup section */

/* Begin PBXNativeTarget section */
		34795B1C2BCD444E00ED9B31 /* AnotherGitHubExample */ = {
			isa = PBXNativeTarget;
			buildConfigurationList = 34795B2C2BCD445000ED9B31 /* Build configuration list for PBXNativeTarget "AnotherGitHubExample" */;
			buildPhases = (
				34795B192BCD444E00ED9B31 /* Sources */,
				34795B1A2BCD444E00ED9B31 /* Frameworks */,
				34795B1B2BCD444E00ED9B31 /* Resources */,
			);
			buildRules = (
			);
			dependencies = (
			);
			name = AnotherGitHubExample;
			productName = AnotherGitHubExample;
			productReference = 34795B1D2BCD444E00ED9B31 /* AnotherGitHubExample.app */;
			productType = "com.apple.product-type.application";
		};
/* End PBXNativeTarget section */

/* Begin PBXProject section */
		34795B152BCD444E00ED9B31 /* Project object */ = {
			isa = PBXProject;
			attributes = {
				LastSwiftUpdateCheck = 1240;
				LastUpgradeCheck = 1240;
				TargetAttributes = {
					34795B1C2BCD444E00ED9B31 = {
						CreatedOnToolsVersion = 12.4;
					};
				};
			};
			buildConfigurationList = 34795B182BCD444E00ED9B31 /* Build configuration list for PBXProject "AnotherGitHubExample" */;
			compatibilityVersion = "Xcode 9.3";
			developmentRegion = en;
			hasScannedForEncodings = 0;
			knownRegions = (
				en,
				Base,
			);
			mainGroup = 34795B142BCD444E00ED9B31;
			productRefGroup = 34795B1E2BCD444E00ED9B31 /* Products */;
			projectDirPath = "";
			projectRoot = "";
			targets = (
				34795B1C2BCD444E00ED9B31 /* AnotherGitHubExample */,
			);
		};
/* End PBXProject section */

/* Begin PBXResourcesBuildPhase section */
		34795B1B2BCD444E00ED9B31 /* Resources */ = {
			isa = PBXResourcesBuildPhase;
			buildActionMask = 2147483647;
			files = (
				34795B282BCD445000ED9B31 /* Preview Assets.xcassets in Resources */,
				34795B252BCD445000ED9B31 /* Assets.xcassets in Resources */,
			);
			runOnlyForDeploymentPostprocessing = 0;
		};
/* End PBXResourcesBuildPhase section */

/* Begin PBXSourcesBuildPhase section */
		34795B192BCD444E00ED9B31 /* Sources */ = {
			isa = PBXSourcesBuildPhase;
			buildActionMask = 2147483647;
			files = (
				34795B232BCD444E00ED9B31 /* ContentView.swift in Sources */,
				34795B212BCD444E00ED9B31 /* AnotherGitHubExampleApp.swift in Sources */,
			);
			runOnlyForDeploymentPostprocessing = 0;
		};
/* End PBXSourcesBuildPhase section */

/* Begin XCBuildConfiguration section */
		34795B2A2BCD445000ED9B31 /* Debug */ = {
			isa = XCBuildConfiguration;
			buildSettings = {
				ALWAYS_SEARCH_USER_PATHS = NO;
				CLANG_ANALYZER_NONNULL = YES;
				CLANG_ANALYZER_NUMBER_OBJECT_CONVERSION = YES_AGGRESSIVE;
				CLANG_CXX_LANGUAGE_STANDARD = "gnu++14";
				CLANG_CXX_LIBRARY = "libc++";
				CLANG_ENABLE_MODULES = YES;
				CLANG_ENABLE_OBJC_ARC = YES;
				CLANG_ENABLE_OBJC_WEAK = YES;
				CLANG_WARN_BLOCK_CAPTURE_AUTORELEASING = YES;
				CLANG_WARN_BOOL_CONVERSION = YES;
				CLANG_WARN_COMMA = YES;
				CLANG_WARN_CONSTANT_CONVERSION = YES;
				CLANG_WARN_DEPRECATED_OBJC_IMPLEMENTATIONS = YES;
				CLANG_WARN_DIRECT_OBJC_ISA_USAGE = YES_ERROR;
				CLANG_WARN_DOCUMENTATION_COMMENTS = YES;
				CLANG_WARN_EMPTY_BODY = YES;
				CLANG_WARN_ENUM_CONVERSION = YES;
				CLANG_WARN_INFINITE_RECURSION = YES;
				CLANG_WARN_INT_CONVERSION = YES;
				CLANG_WARN_NON_LITERAL_NULL_CONVERSION = YES;
				CLANG_WARN_OBJC_IMPLICIT_RETAIN_SELF = YES;
				CLANG_WARN_OBJC_LITERAL_CONVERSION = YES;
				CLANG_WARN_OBJC_ROOT_CLASS = YES_ERROR;
				CLANG_WARN_QUOTED_INCLUDE_IN_FRAMEWORK_HEADER = YES;
				CLANG_WARN_RANGE_LOOP_ANALYSIS = YES;
				CLANG_WARN_STRICT_PROTOTYPES = YES;
				CLANG_WARN_SUSPICIOUS_MOVE = YES;
				CLANG_WARN_UNGUARDED_AVAILABILITY = YES_AGGRESSIVE;
				CLANG_WARN_UNREACHABLE_CODE = YES;
				CLANG_WARN__DUPLICATE_METHOD_MATCH = YES;
				COPY_PHASE_STRIP = NO;
				DEBUG_INFORMATION_FORMAT = dwarf;
				ENABLE_STRICT_OBJC_MSGSEND = YES;
				ENABLE_TESTABILITY = YES;
				GCC_C_LANGUAGE_STANDARD = gnu11;
				GCC_DYNAMIC_NO_PIC = NO;
				GCC_NO_COMMON_BLOCKS = YES;
				GCC_OPTIMIZATION_LEVEL = 0;
				GCC_PREPROCESSOR_DEFINITIONS = (
					"DEBUG=1",
					"$(inherited)",
				);
				GCC_WARN_64_TO_32_BIT_CONVERSION = YES;
				GCC_WARN_ABOUT_RETURN_TYPE = YES_ERROR;
				GCC_WARN_UNDECLARED_SELECTOR = YES;
				GCC_WARN_UNINITIALIZED_AUTOS = YES_AGGRESSIVE;
				GCC_WARN_UNUSED_FUNCTION = YES;
				GCC_WARN_UNUSED_VARIABLE = YES;
				IPHONEOS_DEPLOYMENT_TARGET = 14.4;
				MTL_ENABLE_DEBUG_INFO = INCLUDE_SOURCE;
				MTL_FAST_MATH = YES;
				ONLY_ACTIVE_ARCH = YES;
				SDKROOT = iphoneos;
				SWIFT_ACTIVE_COMPILATION_CONDITIONS = DEBUG;
				SWIFT_OPTIMIZATION_LEVEL = "-Onone";
			};
			name = Debug;
		};
		34795B2B2BCD445000ED9B31 /* Release */ = {
			isa = XCBuildConfiguration;
			buildSettings = {
				ALWAYS_SEARCH_USER_PATHS = NO;
				CLANG_ANALYZER_NONNULL = YES;
				CLANG_ANALYZER_NUMBER_OBJECT_CONVERSION = YES_AGGRESSIVE;
				CLANG_CXX_LANGUAGE_STANDARD = "gnu++14";
				CLANG_CXX_LIBRARY = "libc++";
				CLANG_ENABLE_MODULES = YES;
				CLANG_ENABLE_OBJC_ARC = YES;
				CLANG_ENABLE_OBJC_WEAK = YES;
				CLANG_WARN_BLOCK_CAPTURE_AUTORELEASING = YES;
				CLANG_WARN_BOOL_CONVERSION = YES;
				CLANG_WARN_COMMA = YES;
				CLANG_WARN_CONSTANT_CONVERSION = YES;
				CLANG_WARN_DEPRECATED_OBJC_IMPLEMENTATIONS = YES;
				CLANG_WARN_DIRECT_OBJC_ISA_USAGE = YES_ERROR;
				CLANG_WARN_DOCUMENTATION_COMMENTS = YES;
				CLANG_WARN_EMPTY_BODY = YES;
				CLANG_WARN_ENUM_CONVERSION = YES;
				CLANG_WARN_INFINITE_RECURSION = YES;
				CLANG_WARN_INT_CONVERSION = YES;
				CLANG_WARN_NON_LITERAL_NULL_CONVERSION = YES;
				CLANG_WARN_OBJC_IMPLICIT_RETAIN_SELF = YES;
				CLANG_WARN_OBJC_LITERAL_CONVERSION = YES;
				CLANG_WARN_OBJC_ROOT_CLASS = YES_ERROR;
				CLANG_WARN_QUOTED_INCLUDE_IN_FRAMEWORK_HEADER = YES;
				CLANG_WARN_RANGE_LOOP_ANALYSIS = YES;
				CLANG_WARN_STRICT_PROTOTYPES = YES;
				CLANG_WARN_SUSPICIOUS_MOVE = YES;
				CLANG_WARN_UNGUARDED_AVAILABILITY = YES_AGGRESSIVE;
				CLANG_WARN_UNREACHABLE_CODE = YES;
				CLANG_WARN__DUPLICATE_METHOD_MATCH = YES;
				COPY_PHASE_STRIP = NO;
				DEBUG_INFORMATION_FORMAT = "dwarf-with-dsym";
				ENABLE_NS_ASSERTIONS = NO;
				ENABLE_STRICT_OBJC_MSGSEND = YES;
				GCC_C_LANGUAGE_STANDARD = gnu11;
				GCC_NO_COMMON_BLOCKS = YES;
				GCC_WARN_64_TO_32_BIT_CONVERSION = YES;
				GCC_WARN_ABOUT_RETURN_TYPE = YES_ERROR;
				GCC_WARN_UNDECLARED_SELECTOR = YES;
				GCC_WARN_UNINITIALIZED_AUTOS = YES_AGGRESSIVE;
				GCC_WARN_UNUSED_FUNCTION = YES;
				GCC_WARN_UNUSED_VARIABLE = YES;
				IPHONEOS_DEPLOYMENT_TARGET = 14.4;
				MTL_ENABLE_DEBUG_INFO = NO;
				MTL_FAST_MATH = YES;
				SDKROOT = iphoneos;
				SWIFT_COMPILATION_MODE = wholemodule;
				SWIFT_OPTIMIZATION_LEVEL = "-O";
				VALIDATE_PRODUCT = YES;
			};
			name = Release;
		};
		34795B2D2BCD445000ED9B31 /* Debug */ = {
			isa = XCBuildConfiguration;
			buildSettings = {
				ASSETCATALOG_COMPILER_APPICON_NAME = AppIcon;
				ASSETCATALOG_COMPILER_GLOBAL_ACCENT_COLOR_NAME = AccentColor;
				CODE_SIGN_STYLE = Automatic;
				DEVELOPMENT_ASSET_PATHS = "\"AnotherGitHubExample/Preview Content\"";
				DEVELOPMENT_TEAM = FXR45LG6L5;
				ENABLE_PREVIEWS = YES;
				INFOPLIST_FILE = AnotherGitHubExample/Info.plist;
				IPHONEOS_DEPLOYMENT_TARGET = 14.0;
				LD_RUNPATH_SEARCH_PATHS = (
					"$(inherited)",
					"@executable_path/Frameworks",
				);
				PRODUCT_BUNDLE_IDENTIFIER = edu.lasalle.ICB0008.Instructor.AnotherGitHubExample;
				PRODUCT_NAME = "$(TARGET_NAME)";
				SWIFT_VERSION = 5.0;
				TARGETED_DEVICE_FAMILY = "1,2";
			};
			name = Debug;
		};
		34795B2E2BCD445000ED9B31 /* Release */ = {
			isa = XCBuildConfiguration;
			buildSettings = {
				ASSETCATALOG_COMPILER_APPICON_NAME = AppIcon;
				ASSETCATALOG_COMPILER_GLOBAL_ACCENT_COLOR_NAME = AccentColor;
				CODE_SIGN_STYLE = Automatic;
				DEVELOPMENT_ASSET_PATHS = "\"AnotherGitHubExample/Preview Content\"";
				DEVELOPMENT_TEAM = FXR45LG6L5;
				ENABLE_PREVIEWS = YES;
				INFOPLIST_FILE = AnotherGitHubExample/Info.plist;
				IPHONEOS_DEPLOYMENT_TARGET = 14.0;
				LD_RUNPATH_SEARCH_PATHS = (
					"$(inherited)",
					"@executable_path/Frameworks",
				);
				PRODUCT_BUNDLE_IDENTIFIER = edu.lasalle.ICB0008.Instructor.AnotherGitHubExample;
				PRODUCT_NAME = "$(TARGET_NAME)";
				SWIFT_VERSION = 5.0;
				TARGETED_DEVICE_FAMILY = "1,2";
			};
			name = Release;
		};
/* End XCBuildConfiguration section */

/* Begin XCConfigurationList section */
		34795B182BCD444E00ED9B31 /* Build configuration list for PBXProject "AnotherGitHubExample" */ = {
			isa = XCConfigurationList;
			buildConfigurations = (
				34795B2A2BCD445000ED9B31 /* Debug */,
				34795B2B2BCD445000ED9B31 /* Release */,
			);
			defaultConfigurationIsVisible = 0;
			defaultConfigurationName = Release;
		};
		34795B2C2BCD445000ED9B31 /* Build configuration list for PBXNativeTarget "AnotherGitHubExample" */ = {
			isa = XCConfigurationList;
			buildConfigurations = (
				34795B2D2BCD445000ED9B31 /* Debug */,
				34795B2E2BCD445000ED9B31 /* Release */,
			);
			defaultConfigurationIsVisible = 0;
			defaultConfigurationName = Release;
		};
/* End XCConfigurationList section */
	};
	rootObject = 34795B152BCD444E00ED9B31 /* Project object */;
}
